// !$*UTF8*$!
{
	archiveVersion = 1;
	classes = {
	};
	objectVersion = 46;
	objects = {

/* Begin PBXBuildFile section */
		221D119E16C2D58100319A02 /* Sparkle.framework in Frameworks */ = {isa = PBXBuildFile; fileRef = 221D119D16C2D58100319A02 /* Sparkle.framework */; settings = {ATTRIBUTES = (Weak, ); }; };
		2227BD3715E4F63B001DCE0D /* InfoPlist.strings in Resources */ = {isa = PBXBuildFile; fileRef = 2227BD3115E4F63B001DCE0D /* InfoPlist.strings */; };
		2227BD3815E4F63B001DCE0D /* ECSparklePreferenceController.xib in Resources */ = {isa = PBXBuildFile; fileRef = 2227BD3315E4F63B001DCE0D /* ECSparklePreferenceController.xib */; };
		2227BD3915E4F63B001DCE0D /* ECSparklePreferenceController.tiff in Resources */ = {isa = PBXBuildFile; fileRef = 2227BD3515E4F63B001DCE0D /* ECSparklePreferenceController.tiff */; };
		2227BD3E15E4F6EE001DCE0D /* ECSparklePreferenceController.m in Sources */ = {isa = PBXBuildFile; fileRef = 2227BD3D15E4F6EE001DCE0D /* ECSparklePreferenceController.m */; };
		22D45A5216C1594700BA9A9B /* ECSparklePreferenceBundle.m in Sources */ = {isa = PBXBuildFile; fileRef = 22D45A5116C1594700BA9A9B /* ECSparklePreferenceBundle.m */; };
		22D45A5416C159B200BA9A9B /* ECPreferencesWindow.framework in Frameworks */ = {isa = PBXBuildFile; fileRef = 22D45A5316C159B200BA9A9B /* ECPreferencesWindow.framework */; };
		22F06EC9122E8F300058DB57 /* AppKit.framework in Frameworks */ = {isa = PBXBuildFile; fileRef = 29B97324FDCFA39411CA2CEA /* AppKit.framework */; };
/* End PBXBuildFile section */

/* Begin PBXFileReference section */
		1058C7A1FEA54F0111CA2CBB /* Cocoa.framework */ = {isa = PBXFileReference; lastKnownFileType = wrapper.framework; name = Cocoa.framework; path = /System/Library/Frameworks/Cocoa.framework; sourceTree = "<absolute>"; };
		221D119D16C2D58100319A02 /* Sparkle.framework */ = {isa = PBXFileReference; lastKnownFileType = wrapper.framework; path = Sparkle.framework; sourceTree = BUILT_PRODUCTS_DIR; };
		2227BD1015E4EAED001DCE0D /* ECAquaticPrime.framework */ = {isa = PBXFileReference; lastKnownFileType = wrapper.framework; path = ECAquaticPrime.framework; sourceTree = BUILT_PRODUCTS_DIR; };
		2227BD1115E4EAED001DCE0D /* ECConfig.framework */ = {isa = PBXFileReference; lastKnownFileType = wrapper.framework; path = ECConfig.framework; sourceTree = BUILT_PRODUCTS_DIR; };
		2227BD1215E4EAEE001DCE0D /* ECCore.framework */ = {isa = PBXFileReference; lastKnownFileType = wrapper.framework; path = ECCore.framework; sourceTree = BUILT_PRODUCTS_DIR; };
		2227BD1315E4EAEE001DCE0D /* ECLogging.framework */ = {isa = PBXFileReference; lastKnownFileType = wrapper.framework; path = ECLogging.framework; sourceTree = BUILT_PRODUCTS_DIR; };
		2227BD2415E4F167001DCE0D /* Debug.xcconfig */ = {isa = PBXFileReference; fileEncoding = 4; lastKnownFileType = text.xcconfig; path = Debug.xcconfig; sourceTree = "<group>"; };
		2227BD2515E4F167001DCE0D /* Release.xcconfig */ = {isa = PBXFileReference; fileEncoding = 4; lastKnownFileType = text.xcconfig; path = Release.xcconfig; sourceTree = "<group>"; };
		2227BD2915E4F181001DCE0D /* ECSparklePreferencePaneDebug.pch */ = {isa = PBXFileReference; fileEncoding = 4; lastKnownFileType = sourcecode.c.h; path = ECSparklePreferencePaneDebug.pch; sourceTree = "<group>"; };
		2227BD2A15E4F181001DCE0D /* ECSparklePreferencePaneRelease.pch */ = {isa = PBXFileReference; fileEncoding = 4; lastKnownFileType = sourcecode.c.h; path = ECSparklePreferencePaneRelease.pch; sourceTree = "<group>"; };
		2227BD2B15E4F181001DCE0D /* ECSparklePreferencePaneShared.pch */ = {isa = PBXFileReference; fileEncoding = 4; lastKnownFileType = sourcecode.c.h; path = ECSparklePreferencePaneShared.pch; sourceTree = "<group>"; };
		2227BD3215E4F63B001DCE0D /* en */ = {isa = PBXFileReference; lastKnownFileType = text.plist.strings; name = en; path = en.lproj/InfoPlist.strings; sourceTree = "<group>"; };
		2227BD3415E4F63B001DCE0D /* en */ = {isa = PBXFileReference; lastKnownFileType = file.xib; name = en; path = en.lproj/ECSparklePreferenceController.xib; sourceTree = "<group>"; };
		2227BD3515E4F63B001DCE0D /* ECSparklePreferenceController.tiff */ = {isa = PBXFileReference; lastKnownFileType = image.tiff; path = ECSparklePreferenceController.tiff; sourceTree = "<group>"; };
		2227BD3615E4F63B001DCE0D /* Info.plist */ = {isa = PBXFileReference; fileEncoding = 4; lastKnownFileType = text.plist.xml; path = Info.plist; sourceTree = "<group>"; };
		2227BD3C15E4F6EE001DCE0D /* ECSparklePreferenceController.h */ = {isa = PBXFileReference; fileEncoding = 4; lastKnownFileType = sourcecode.c.h; path = ECSparklePreferenceController.h; sourceTree = "<group>"; };
		2227BD3D15E4F6EE001DCE0D /* ECSparklePreferenceController.m */ = {isa = PBXFileReference; fileEncoding = 4; lastKnownFileType = sourcecode.c.objc; path = ECSparklePreferenceController.m; sourceTree = "<group>"; };
		22BC746F122F2352007BA2F8 /* CoreFoundation.framework */ = {isa = PBXFileReference; lastKnownFileType = wrapper.framework; name = CoreFoundation.framework; path = System/Library/Frameworks/CoreFoundation.framework; sourceTree = SDKROOT; };
		22D45A5016C1594700BA9A9B /* ECSparklePreferenceBundle.h */ = {isa = PBXFileReference; fileEncoding = 4; lastKnownFileType = sourcecode.c.h; path = ECSparklePreferenceBundle.h; sourceTree = "<group>"; };
		22D45A5116C1594700BA9A9B /* ECSparklePreferenceBundle.m */ = {isa = PBXFileReference; fileEncoding = 4; lastKnownFileType = sourcecode.c.objc; path = ECSparklePreferenceBundle.m; sourceTree = "<group>"; };
		22D45A5316C159B200BA9A9B /* ECPreferencesWindow.framework */ = {isa = PBXFileReference; lastKnownFileType = wrapper.framework; path = ECPreferencesWindow.framework; sourceTree = BUILT_PRODUCTS_DIR; };
		22DF7819110FB58A0089D316 /* sparkle.preferences */ = {isa = PBXFileReference; explicitFileType = wrapper.cfbundle; includeInIndex = 0; name = sparkle.preferences; path = sparkle.bundle; sourceTree = BUILT_PRODUCTS_DIR; };
		29B97324FDCFA39411CA2CEA /* AppKit.framework */ = {isa = PBXFileReference; lastKnownFileType = wrapper.framework; name = AppKit.framework; path = /System/Library/Frameworks/AppKit.framework; sourceTree = "<absolute>"; };
		29B97325FDCFA39411CA2CEA /* Foundation.framework */ = {isa = PBXFileReference; lastKnownFileType = wrapper.framework; name = Foundation.framework; path = /System/Library/Frameworks/Foundation.framework; sourceTree = "<absolute>"; };
/* End PBXFileReference section */

/* Begin PBXFrameworksBuildPhase section */
		22DF7815110FB58A0089D316 /* Frameworks */ = {
			isa = PBXFrameworksBuildPhase;
			buildActionMask = 2147483647;
			files = (
				22D45A5416C159B200BA9A9B /* ECPreferencesWindow.framework in Frameworks */,
				22F06EC9122E8F300058DB57 /* AppKit.framework in Frameworks */,
				221D119E16C2D58100319A02 /* Sparkle.framework in Frameworks */,
			);
			runOnlyForDeploymentPostprocessing = 0;
		};
/* End PBXFrameworksBuildPhase section */

/* Begin PBXGroup section */
		1058C7A0FEA54F0111CA2CBB /* Linked Frameworks */ = {
			isa = PBXGroup;
			children = (
				221D119D16C2D58100319A02 /* Sparkle.framework */,
				22D45A5316C159B200BA9A9B /* ECPreferencesWindow.framework */,
				2227BD1015E4EAED001DCE0D /* ECAquaticPrime.framework */,
				2227BD1115E4EAED001DCE0D /* ECConfig.framework */,
				2227BD1215E4EAEE001DCE0D /* ECCore.framework */,
				2227BD1315E4EAEE001DCE0D /* ECLogging.framework */,
				29B97324FDCFA39411CA2CEA /* AppKit.framework */,
				29B97325FDCFA39411CA2CEA /* Foundation.framework */,
				22BC746F122F2352007BA2F8 /* CoreFoundation.framework */,
				1058C7A1FEA54F0111CA2CBB /* Cocoa.framework */,
			);
			name = "Linked Frameworks";
			sourceTree = "<group>";
		};
		19C28FACFE9D520D11CA2CBB /* products */ = {
			isa = PBXGroup;
			children = (
				22DF7819110FB58A0089D316 /* sparkle.preferences */,
			);
			name = products;
			sourceTree = "<group>";
		};
		2227BD2315E4F167001DCE0D /* Configuration */ = {
			isa = PBXGroup;
			children = (
				2227BD2415E4F167001DCE0D /* Debug.xcconfig */,
				2227BD2515E4F167001DCE0D /* Release.xcconfig */,
			);
			name = Configuration;
			path = Source/Configuration;
			sourceTree = SOURCE_ROOT;
		};
		2227BD2815E4F181001DCE0D /* Prefix */ = {
			isa = PBXGroup;
			children = (
				2227BD2915E4F181001DCE0D /* ECSparklePreferencePaneDebug.pch */,
				2227BD2A15E4F181001DCE0D /* ECSparklePreferencePaneRelease.pch */,
				2227BD2B15E4F181001DCE0D /* ECSparklePreferencePaneShared.pch */,
			);
			name = Prefix;
			path = Source/Prefix;
			sourceTree = SOURCE_ROOT;
		};
		2227BD3015E4F63B001DCE0D /* Resources */ = {
			isa = PBXGroup;
			children = (
				2227BD3115E4F63B001DCE0D /* InfoPlist.strings */,
				2227BD3315E4F63B001DCE0D /* ECSparklePreferenceController.xib */,
				2227BD3515E4F63B001DCE0D /* ECSparklePreferenceController.tiff */,
				2227BD3615E4F63B001DCE0D /* Info.plist */,
			);
			path = Resources;
			sourceTree = "<group>";
		};
		2227BD3B15E4F6EE001DCE0D /* Mac */ = {
			isa = PBXGroup;
			children = (
				22D45A5016C1594700BA9A9B /* ECSparklePreferenceBundle.h */,
				22D45A5116C1594700BA9A9B /* ECSparklePreferenceBundle.m */,
				2227BD3C15E4F6EE001DCE0D /* ECSparklePreferenceController.h */,
				2227BD3D15E4F6EE001DCE0D /* ECSparklePreferenceController.m */,
			);
			name = Mac;
			path = Source/Mac;
			sourceTree = SOURCE_ROOT;
		};
		226B2809110FB002000823E8 /* Source */ = {
			isa = PBXGroup;
			children = (
				2227BD2315E4F167001DCE0D /* Configuration */,
				2227BD2815E4F181001DCE0D /* Prefix */,
				2227BD3B15E4F6EE001DCE0D /* Mac */,
			);
			name = Source;
			path = source/shared;
			sourceTree = "<group>";
		};
		29B97314FDCFA39411CA2CEA /* services test */ = {
			isa = PBXGroup;
			children = (
				226B2809110FB002000823E8 /* Source */,
				2227BD3015E4F63B001DCE0D /* Resources */,
				29B97323FDCFA39411CA2CEA /* frameworks */,
				19C28FACFE9D520D11CA2CBB /* products */,
			);
			name = "services test";
			sourceTree = "<group>";
		};
		29B97323FDCFA39411CA2CEA /* frameworks */ = {
			isa = PBXGroup;
			children = (
				1058C7A0FEA54F0111CA2CBB /* Linked Frameworks */,
			);
			name = frameworks;
			sourceTree = "<group>";
		};
/* End PBXGroup section */

/* Begin PBXNativeTarget section */
		22DF780E110FB58A0089D316 /* sparkle */ = {
			isa = PBXNativeTarget;
			buildConfigurationList = 22DF7816110FB58A0089D316 /* Build configuration list for PBXNativeTarget "sparkle" */;
			buildPhases = (
				22DF780F110FB58A0089D316 /* Resources */,
				22DF7813110FB58A0089D316 /* Sources */,
				22DF7815110FB58A0089D316 /* Frameworks */,
			);
			buildRules = (
			);
			dependencies = (
			);
			name = sparkle;
			productName = preferences;
			productReference = 22DF7819110FB58A0089D316 /* sparkle.preferences */;
			productType = "com.apple.product-type.bundle";
		};
/* End PBXNativeTarget section */

/* Begin PBXProject section */
		29B97313FDCFA39411CA2CEA /* Project object */ = {
			isa = PBXProject;
			attributes = {
				BuildIndependentTargetsInParallel = NO;
				LastUpgradeCheck = 0500;
				ORGANIZATIONNAME = "Elegant Chaos";
			};
			buildConfigurationList = C01FCF4E08A954540054247B /* Build configuration list for PBXProject "ECSparklePreferencePane" */;
			compatibilityVersion = "Xcode 3.2";
			developmentRegion = English;
			hasScannedForEncodings = 1;
			knownRegions = (
				English,
				Japanese,
				French,
				German,
				en,
				Dutch,
				sv,
			);
			mainGroup = 29B97314FDCFA39411CA2CEA /* services test */;
			productRefGroup = 29B97314FDCFA39411CA2CEA /* services test */;
			projectDirPath = "";
			projectRoot = "";
			targets = (
				22DF780E110FB58A0089D316 /* sparkle */,
			);
		};
/* End PBXProject section */

/* Begin PBXResourcesBuildPhase section */
		22DF780F110FB58A0089D316 /* Resources */ = {
			isa = PBXResourcesBuildPhase;
			buildActionMask = 2147483647;
			files = (
				2227BD3715E4F63B001DCE0D /* InfoPlist.strings in Resources */,
				2227BD3815E4F63B001DCE0D /* ECSparklePreferenceController.xib in Resources */,
				2227BD3915E4F63B001DCE0D /* ECSparklePreferenceController.tiff in Resources */,
			);
			runOnlyForDeploymentPostprocessing = 0;
		};
/* End PBXResourcesBuildPhase section */

/* Begin PBXSourcesBuildPhase section */
		22DF7813110FB58A0089D316 /* Sources */ = {
			isa = PBXSourcesBuildPhase;
			buildActionMask = 2147483647;
			files = (
				2227BD3E15E4F6EE001DCE0D /* ECSparklePreferenceController.m in Sources */,
				22D45A5216C1594700BA9A9B /* ECSparklePreferenceBundle.m in Sources */,
			);
			runOnlyForDeploymentPostprocessing = 0;
		};
/* End PBXSourcesBuildPhase section */

/* Begin PBXVariantGroup section */
		2227BD3115E4F63B001DCE0D /* InfoPlist.strings */ = {
			isa = PBXVariantGroup;
			children = (
				2227BD3215E4F63B001DCE0D /* en */,
			);
			name = InfoPlist.strings;
			sourceTree = "<group>";
		};
		2227BD3315E4F63B001DCE0D /* ECSparklePreferenceController.xib */ = {
			isa = PBXVariantGroup;
			children = (
				2227BD3415E4F63B001DCE0D /* en */,
			);
			name = ECSparklePreferenceController.xib;
			sourceTree = "<group>";
		};
/* End PBXVariantGroup section */

/* Begin XCBuildConfiguration section */
		22DF7817110FB58A0089D316 /* Debug */ = {
			isa = XCBuildConfiguration;
			baseConfigurationReference = 2227BD2415E4F167001DCE0D /* Debug.xcconfig */;
			buildSettings = {
				CODE_SIGN_IDENTITY = "Developer ID Application: Sam Deane";
				COMBINE_HIDPI_IMAGES = YES;
				INFOPLIST_FILE = Resources/Info.plist;
			};
			name = Debug;
		};
		22DF7818110FB58A0089D316 /* Release */ = {
			isa = XCBuildConfiguration;
			baseConfigurationReference = 2227BD2515E4F167001DCE0D /* Release.xcconfig */;
			buildSettings = {
				CODE_SIGN_IDENTITY = "Developer ID Application: Sam Deane";
				COMBINE_HIDPI_IMAGES = YES;
				INFOPLIST_FILE = Resources/Info.plist;
			};
			name = Release;
		};
		C01FCF4F08A954540054247B /* Debug */ = {
			isa = XCBuildConfiguration;
			buildSettings = {
				ONLY_ACTIVE_ARCH = YES;
			};
			name = Debug;
		};
		C01FCF5008A954540054247B /* Release */ = {
			isa = XCBuildConfiguration;
			buildSettings = {
			};
			name = Release;
		};
/* End XCBuildConfiguration section */

/* Begin XCConfigurationList section */
		22DF7816110FB58A0089D316 /* Build configuration list for PBXNativeTarget "sparkle" */ = {
			isa = XCConfigurationList;
			buildConfigurations = (
				22DF7817110FB58A0089D316 /* Debug */,
				22DF7818110FB58A0089D316 /* Release */,
			);
			defaultConfigurationIsVisible = 0;
			defaultConfigurationName = Release;
		};
		C01FCF4E08A954540054247B /* Build configuration list for PBXProject "ECSparklePreferencePane" */ = {
			isa = XCConfigurationList;
			buildConfigurations = (
				C01FCF4F08A954540054247B /* Debug */,
				C01FCF5008A954540054247B /* Release */,
			);
			defaultConfigurationIsVisible = 0;
			defaultConfigurationName = Release;
		};
/* End XCConfigurationList section */
	};
	rootObject = 29B97313FDCFA39411CA2CEA /* Project object */;
}
